{
  "nodes": {
    "blobs": {
      "flake": false,
      "locked": {
        "lastModified": 1604995301,
        "narHash": "sha256-wcLzgLec6SGJA8fx1OEN1yV/Py5b+U5iyYpksUY/yLw=",
        "owner": "simple-nixos-mailserver",
        "repo": "blobs",
        "rev": "2cccdf1ca48316f2cfd1c9a0017e8de5a7156265",
        "type": "gitlab"
      },
      "original": {
        "owner": "simple-nixos-mailserver",
        "repo": "blobs",
        "type": "gitlab"
      }
    },
    "chrome-pwa": {
      "inputs": {
        "nixpkgs": [
          "clan-core",
          "nixpkgs"
        ]
      },
      "locked": {
        "lastModified": 1662039232,
        "narHash": "sha256-hzEjp/ENDpdAqHPfZL6w0ugMxidgOSPTA4K5TNjLvWA=",
        "owner": "Qubasa",
        "repo": "nixos-chrome-pwa",
        "rev": "2b4cab0dde278b40d3774c87ef18074cb1b9707f",
        "type": "github"
      },
      "original": {
        "owner": "Qubasa",
        "repo": "nixos-chrome-pwa",
        "type": "github"
      }
    },
    "clan-core": {
      "inputs": {
        "disko": "disko",
        "flake-parts": "flake-parts",
        "nixos-facter-modules": "nixos-facter-modules",
        "nixpkgs": "nixpkgs",
        "sops-nix": "sops-nix",
        "systems": "systems",
        "treefmt-nix": "treefmt-nix"
      },
      "locked": {
        "lastModified": 1740593510,
        "narHash": "sha256-W533+So9zXhyrQ+6oqU8apVhwQ+hwfVpM6/TChNMUKk=",
        "path": "/home/lhebendanz/Projects/clan-core",
        "type": "path"
      },
      "original": {
        "path": "/home/lhebendanz/Projects/clan-core",
        "type": "path"
      }
    },
    "clan-core_2": {
      "inputs": {
        "disko": "disko_2",
        "flake-parts": "flake-parts_3",
        "nixos-facter-modules": "nixos-facter-modules_2",
        "nixpkgs": "nixpkgs_4",
        "sops-nix": "sops-nix_2",
        "systems": "systems_5",
        "treefmt-nix": "treefmt-nix_3"
      },
      "locked": {
        "lastModified": 1741352345,
        "narHash": "sha256-WXvOWLunU8wnHXrhr1t3lvcHR6NA9EfV69/AVV6PAJY=",
        "rev": "c335e3124e3fb1d85410eed01a2125568e255c6d",
        "type": "tarball",
        "url": "https://git.clan.lol/api/v1/repos/Qubasa/clan-core/archive/c335e3124e3fb1d85410eed01a2125568e255c6d.tar.gz"
      },
      "original": {
        "type": "tarball",
        "url": "https://git.clan.lol/Qubasa/clan-core/archive/vpb-patches.zip"
      }
    },
    "disko": {
      "inputs": {
        "nixpkgs": [
          "clan-core",
          "nixpkgs"
        ]
      },
      "locked": {
        "lastModified": 1739634831,
        "narHash": "sha256-xFnU+uUl48Icas2wPQ+ZzlL2O3n8f6J2LrzNK9f2nng=",
        "owner": "nix-community",
        "repo": "disko",
        "rev": "fa5746ecea1772cf59b3f34c5816ab3531478142",
        "type": "github"
      },
      "original": {
        "owner": "nix-community",
        "repo": "disko",
        "type": "github"
      }
    },
    "disko_2": {
      "inputs": {
        "nixpkgs": [
          "vpn-bench",
          "clan-core",
          "nixpkgs"
        ]
      },
      "locked": {
        "lastModified": 1739634831,
        "narHash": "sha256-xFnU+uUl48Icas2wPQ+ZzlL2O3n8f6J2LrzNK9f2nng=",
        "owner": "nix-community",
        "repo": "disko",
        "rev": "fa5746ecea1772cf59b3f34c5816ab3531478142",
        "type": "github"
      },
      "original": {
        "owner": "nix-community",
        "repo": "disko",
        "type": "github"
      }
    },
    "flake-compat": {
      "flake": false,
      "locked": {
        "lastModified": 1696426674,
        "narHash": "sha256-kvjfFW7WAETZlt09AgDn1MrtKzP7t90Vf7vypd3OL1U=",
        "owner": "edolstra",
        "repo": "flake-compat",
        "rev": "0f9255e01c2351cc7d116c072cb317785dd33b33",
        "type": "github"
      },
      "original": {
        "owner": "edolstra",
        "repo": "flake-compat",
        "type": "github"
      }
    },
    "flake-compat_2": {
      "flake": false,
      "locked": {
        "lastModified": 1696426674,
        "narHash": "sha256-kvjfFW7WAETZlt09AgDn1MrtKzP7t90Vf7vypd3OL1U=",
        "owner": "edolstra",
        "repo": "flake-compat",
        "rev": "0f9255e01c2351cc7d116c072cb317785dd33b33",
        "type": "github"
      },
      "original": {
        "owner": "edolstra",
        "repo": "flake-compat",
        "type": "github"
      }
    },
    "flake-parts": {
      "inputs": {
        "nixpkgs-lib": [
          "clan-core",
          "nixpkgs"
        ]
      },
      "locked": {
        "lastModified": 1738453229,
        "narHash": "sha256-7H9XgNiGLKN1G1CgRh0vUL4AheZSYzPm+zmZ7vxbJdo=",
        "owner": "hercules-ci",
        "repo": "flake-parts",
        "rev": "32ea77a06711b758da0ad9bd6a844c5740a87abd",
        "type": "github"
      },
      "original": {
        "owner": "hercules-ci",
        "repo": "flake-parts",
        "type": "github"
      }
    },
    "flake-parts_2": {
      "inputs": {
        "nixpkgs-lib": [
          "nixvim",
          "nixpkgs"
        ]
      },
      "locked": {
        "lastModified": 1738453229,
        "narHash": "sha256-7H9XgNiGLKN1G1CgRh0vUL4AheZSYzPm+zmZ7vxbJdo=",
        "owner": "hercules-ci",
        "repo": "flake-parts",
        "rev": "32ea77a06711b758da0ad9bd6a844c5740a87abd",
        "type": "github"
      },
      "original": {
        "owner": "hercules-ci",
        "repo": "flake-parts",
        "type": "github"
      }
    },
    "flake-parts_3": {
      "inputs": {
        "nixpkgs-lib": [
          "vpn-bench",
          "clan-core",
          "nixpkgs"
        ]
      },
      "locked": {
        "lastModified": 1738453229,
        "narHash": "sha256-7H9XgNiGLKN1G1CgRh0vUL4AheZSYzPm+zmZ7vxbJdo=",
        "owner": "hercules-ci",
        "repo": "flake-parts",
        "rev": "32ea77a06711b758da0ad9bd6a844c5740a87abd",
        "type": "github"
      },
      "original": {
        "owner": "hercules-ci",
        "repo": "flake-parts",
        "type": "github"
      }
    },
    "flake-parts_4": {
      "inputs": {
        "nixpkgs-lib": [
          "vpn-bench",
          "nixpkgs"
        ]
      },
      "locked": {
        "lastModified": 1736143030,
        "narHash": "sha256-+hu54pAoLDEZT9pjHlqL9DNzWz0NbUn8NEAHP7PQPzU=",
        "owner": "hercules-ci",
        "repo": "flake-parts",
        "rev": "b905f6fc23a9051a6e1b741e1438dbfc0634c6de",
        "type": "github"
      },
      "original": {
        "owner": "hercules-ci",
        "repo": "flake-parts",
        "type": "github"
      }
    },
    "flake-utils": {
      "inputs": {
        "systems": "systems_2"
      },
      "locked": {
        "lastModified": 1710146030,
        "narHash": "sha256-SZ5L6eA7HJ/nmkzGG7/ISclqe6oZdOZTNoesiInkXPQ=",
        "owner": "numtide",
        "repo": "flake-utils",
        "rev": "b1d9ab70662946ef0850d488da1c9019f3a9752a",
        "type": "github"
      },
      "original": {
        "owner": "numtide",
        "repo": "flake-utils",
        "type": "github"
      }
    },
    "flake-utils_2": {
      "inputs": {
        "systems": "systems_3"
      },
      "locked": {
        "lastModified": 1731533236,
        "narHash": "sha256-l0KFg5HjrsfsO/JpG+r7fRrqm12kzFHyUHqHCVpMMbI=",
        "owner": "numtide",
        "repo": "flake-utils",
        "rev": "11707dc2f618dd54ca8739b309ec4fc024de578b",
        "type": "github"
      },
      "original": {
        "owner": "numtide",
        "repo": "flake-utils",
        "type": "github"
      }
    },
    "ixx": {
      "inputs": {
        "flake-utils": [
          "nixvim",
          "nuschtosSearch",
          "flake-utils"
        ],
        "nixpkgs": [
          "nixvim",
          "nuschtosSearch",
          "nixpkgs"
        ]
      },
      "locked": {
        "lastModified": 1729958008,
        "narHash": "sha256-EiOq8jF4Z/zQe0QYVc3+qSKxRK//CFHMB84aYrYGwEs=",
        "owner": "NuschtOS",
        "repo": "ixx",
        "rev": "9fd01aad037f345350eab2cd45e1946cc66da4eb",
        "type": "github"
      },
      "original": {
        "owner": "NuschtOS",
        "ref": "v0.0.6",
        "repo": "ixx",
        "type": "github"
      }
    },
    "nix-index-database": {
      "inputs": {
        "nixpkgs": [
          "clan-core",
          "nixpkgs"
        ]
      },
      "locked": {
        "lastModified": 1740281615,
        "narHash": "sha256-dZWcbAQ1sF8oVv+zjSKkPVY0ebwENQEkz5vc6muXbKY=",
        "owner": "nix-community",
        "repo": "nix-index-database",
        "rev": "465792533d03e6bb9dc849d58ab9d5e31fac9023",
        "type": "github"
      },
      "original": {
        "owner": "nix-community",
        "repo": "nix-index-database",
        "type": "github"
      }
    },
    "nix-vscode-extensions": {
      "inputs": {
        "flake-compat": "flake-compat",
        "flake-utils": "flake-utils",
        "nixpkgs": "nixpkgs_2"
      },
      "locked": {
        "lastModified": 1740534654,
        "narHash": "sha256-NYHxfMVMy1ehRTlkinUdAG+iw7mWyWNcSRcRpCgTDVk=",
        "owner": "nix-community",
        "repo": "nix-vscode-extensions",
        "rev": "4283e3e25d5c82e96fe3b575175b33abe66c5031",
        "type": "github"
      },
      "original": {
        "owner": "nix-community",
        "repo": "nix-vscode-extensions",
        "type": "github"
      }
    },
    "nixos-facter-modules": {
      "locked": {
        "lastModified": 1738752252,
        "narHash": "sha256-/nA3tDdp/2g0FBy8966ppC2WDoyXtUWaHkZWL+N3ZKc=",
        "owner": "numtide",
        "repo": "nixos-facter-modules",
        "rev": "60f8b8f3f99667de6a493a44375e5506bf0c48b1",
        "type": "github"
      },
      "original": {
        "owner": "numtide",
        "repo": "nixos-facter-modules",
        "type": "github"
      }
    },
    "nixos-facter-modules_2": {
      "locked": {
        "lastModified": 1738752252,
        "narHash": "sha256-/nA3tDdp/2g0FBy8966ppC2WDoyXtUWaHkZWL+N3ZKc=",
        "owner": "numtide",
        "repo": "nixos-facter-modules",
        "rev": "60f8b8f3f99667de6a493a44375e5506bf0c48b1",
        "type": "github"
      },
      "original": {
        "owner": "numtide",
        "repo": "nixos-facter-modules",
        "type": "github"
      }
    },
    "nixpkgs": {
      "locked": {
        "lastModified": 1739512841,
        "narHash": "sha256-Zc+K4AxAwFaWKK18nSl/3TKidGf46En7bfK8SL+Revg=",
        "owner": "NixOS",
        "repo": "nixpkgs",
        "rev": "fada727ee7c0bd487e311dede0a2b0725a0f7765",
        "type": "github"
      },
      "original": {
        "owner": "NixOS",
        "ref": "nixpkgs-unstable",
        "repo": "nixpkgs",
        "type": "github"
      }
    },
    "nixpkgs-24_11": {
      "locked": {
        "lastModified": 1734083684,
        "narHash": "sha256-5fNndbndxSx5d+C/D0p/VF32xDiJCJzyOqorOYW4JEo=",
        "owner": "NixOS",
        "repo": "nixpkgs",
        "rev": "314e12ba369ccdb9b352a4db26ff419f7c49fa84",
        "type": "github"
      },
      "original": {
        "id": "nixpkgs",
        "ref": "nixos-24.11",
        "type": "indirect"
      }
    },
    "nixpkgs_2": {
      "locked": {
        "lastModified": 1713805509,
        "narHash": "sha256-YgSEan4CcrjivCNO5ZNzhg7/8ViLkZ4CB/GrGBVSudo=",
        "owner": "NixOS",
        "repo": "nixpkgs",
        "rev": "1e1dc66fe68972a76679644a5577828b6a7e8be4",
        "type": "github"
      },
      "original": {
        "owner": "NixOS",
        "ref": "nixpkgs-unstable",
        "repo": "nixpkgs",
        "type": "github"
      }
    },
    "nixpkgs_3": {
      "locked": {
        "lastModified": 0,
        "narHash": "sha256-Zc+K4AxAwFaWKK18nSl/3TKidGf46En7bfK8SL+Revg=",
        "path": "/nix/store/fwnd0pbmb831p7q0sn4g3djp34chc1m0-source",
        "type": "path"
      },
      "original": {
        "id": "nixpkgs",
        "type": "indirect"
      }
    },
    "nixpkgs_4": {
      "locked": {
        "lastModified": 315532800,
        "narHash": "sha256-+vOiMQwHEYBbWgvK//cuUqHZQ/y3DddCLyxZAbDdpnM=",
        "type": "tarball",
        "url": "https://releases.nixos.org/nixpkgs/nixpkgs-25.05pre762233.02032da4af07/nixexprs.tar.xz"
      },
      "original": {
        "type": "tarball",
        "url": "https://nixos.org/channels/nixpkgs-unstable/nixexprs.tar.xz"
      }
    },
    "nixvim": {
      "inputs": {
        "flake-parts": "flake-parts_2",
        "nixpkgs": [
          "clan-core",
          "nixpkgs"
        ],
        "nuschtosSearch": "nuschtosSearch"
      },
      "locked": {
        "lastModified": 1740520037,
        "narHash": "sha256-TpZMYjOre+6GhKDVHFwoW2iBWqpNQppQTuqIAo+OBV8=",
        "owner": "nix-community",
        "repo": "nixvim",
        "rev": "6f8d8f7aee84f377f52c8bb58385015f9168a666",
        "type": "github"
      },
      "original": {
        "owner": "nix-community",
        "repo": "nixvim",
        "type": "github"
      }
    },
    "nuschtosSearch": {
      "inputs": {
        "flake-utils": "flake-utils_2",
        "ixx": "ixx",
        "nixpkgs": [
          "nixvim",
          "nixpkgs"
        ]
      },
      "locked": {
        "lastModified": 1738508923,
        "narHash": "sha256-4DaDrQDAIxlWhTjH6h/+xfG05jt3qDZrZE/7zDLQaS4=",
        "owner": "NuschtOS",
        "repo": "search",
        "rev": "86e2038290859006e05ca7201425ea5b5de4aecb",
        "type": "github"
      },
      "original": {
        "owner": "NuschtOS",
        "repo": "search",
        "type": "github"
      }
    },
    "root": {
      "inputs": {
        "chrome-pwa": "chrome-pwa",
        "clan-core": "clan-core",
        "nix-index-database": "nix-index-database",
        "nix-vscode-extensions": "nix-vscode-extensions",
        "nixpkgs": "nixpkgs_3",
        "nixvim": "nixvim",
        "simple-nixos-mailserver": "simple-nixos-mailserver",
        "systems": "systems_4",
        "treefmt-nix": "treefmt-nix_2",
        "unstable-nixpkgs": "unstable-nixpkgs",
        "vpn-bench": "vpn-bench"
      }
    },
    "simple-nixos-mailserver": {
      "inputs": {
        "blobs": "blobs",
        "flake-compat": "flake-compat_2",
        "nixpkgs": [
          "clan-core",
          "nixpkgs"
        ],
        "nixpkgs-24_11": "nixpkgs-24_11"
      },
      "locked": {
        "lastModified": 1740437053,
        "narHash": "sha256-exPTta4qI1ka9sk+jPcLogGffJ1OVXnAsTRqpeAXeNw=",
        "owner": "simple-nixos-mailserver",
        "repo": "nixos-mailserver",
        "rev": "c8ec4d5e432f5df4838eacd39c11828d23ce66ec",
        "type": "gitlab"
      },
      "original": {
        "owner": "simple-nixos-mailserver",
        "ref": "master",
        "repo": "nixos-mailserver",
        "type": "gitlab"
      }
    },
    "sops-nix": {
      "inputs": {
        "nixpkgs": [
          "clan-core",
          "nixpkgs"
        ]
      },
      "locked": {
        "lastModified": 1736953253,
        "narHash": "sha256-shJxzy7qypjq9hpETQ3gJsBZXO5E3KR0INca/xwiVp4=",
        "owner": "pinpox",
        "repo": "sops-nix",
        "rev": "a7c6e64401b6dde13c0de90230cb64087c9d9693",
        "type": "github"
      },
      "original": {
        "owner": "pinpox",
        "ref": "lazy-assertions",
        "repo": "sops-nix",
        "type": "github"
      }
    },
    "sops-nix_2": {
      "inputs": {
        "nixpkgs": [
          "vpn-bench",
          "clan-core",
          "nixpkgs"
        ]
      },
      "locked": {
        "lastModified": 1736953253,
        "narHash": "sha256-shJxzy7qypjq9hpETQ3gJsBZXO5E3KR0INca/xwiVp4=",
        "owner": "pinpox",
        "repo": "sops-nix",
        "rev": "a7c6e64401b6dde13c0de90230cb64087c9d9693",
        "type": "github"
      },
      "original": {
        "owner": "pinpox",
        "ref": "lazy-assertions",
        "repo": "sops-nix",
        "type": "github"
      }
    },
    "systems": {
      "locked": {
        "lastModified": 1681028828,
        "narHash": "sha256-Vy1rq5AaRuLzOxct8nz4T6wlgyUR7zLU309k9mBC768=",
        "owner": "nix-systems",
        "repo": "default",
        "rev": "da67096a3b9bf56a91d16901293e51ba5b49a27e",
        "type": "github"
      },
      "original": {
        "owner": "nix-systems",
        "repo": "default",
        "type": "github"
      }
    },
    "systems_2": {
      "locked": {
        "lastModified": 1681028828,
        "narHash": "sha256-Vy1rq5AaRuLzOxct8nz4T6wlgyUR7zLU309k9mBC768=",
        "owner": "nix-systems",
        "repo": "default",
        "rev": "da67096a3b9bf56a91d16901293e51ba5b49a27e",
        "type": "github"
      },
      "original": {
        "owner": "nix-systems",
        "repo": "default",
        "type": "github"
      }
    },
    "systems_3": {
      "locked": {
        "lastModified": 1681028828,
        "narHash": "sha256-Vy1rq5AaRuLzOxct8nz4T6wlgyUR7zLU309k9mBC768=",
        "owner": "nix-systems",
        "repo": "default",
        "rev": "da67096a3b9bf56a91d16901293e51ba5b49a27e",
        "type": "github"
      },
      "original": {
        "owner": "nix-systems",
        "repo": "default",
        "type": "github"
      }
    },
    "systems_4": {
      "locked": {
        "lastModified": 1681028828,
        "narHash": "sha256-Vy1rq5AaRuLzOxct8nz4T6wlgyUR7zLU309k9mBC768=",
        "owner": "nix-systems",
        "repo": "default",
        "rev": "da67096a3b9bf56a91d16901293e51ba5b49a27e",
        "type": "github"
      },
      "original": {
        "id": "systems",
        "type": "indirect"
      }
    },
    "systems_5": {
      "locked": {
        "lastModified": 1681028828,
        "narHash": "sha256-Vy1rq5AaRuLzOxct8nz4T6wlgyUR7zLU309k9mBC768=",
        "owner": "nix-systems",
        "repo": "default",
        "rev": "da67096a3b9bf56a91d16901293e51ba5b49a27e",
        "type": "github"
      },
      "original": {
        "owner": "nix-systems",
        "repo": "default",
        "type": "github"
      }
    },
    "treefmt-nix": {
      "inputs": {
        "nixpkgs": [
          "clan-core",
          "nixpkgs"
        ]
      },
      "locked": {
        "lastModified": 1739829690,
        "narHash": "sha256-mL1szCeIsjh6Khn3nH2cYtwO5YXG6gBiTw1A30iGeDU=",
        "owner": "numtide",
        "repo": "treefmt-nix",
        "rev": "3d0579f5cc93436052d94b73925b48973a104204",
        "type": "github"
      },
      "original": {
        "owner": "numtide",
        "repo": "treefmt-nix",
        "type": "github"
      }
    },
    "treefmt-nix_2": {
      "inputs": {
        "nixpkgs": [
          "clan-core",
          "nixpkgs"
        ]
      },
      "locked": {
        "lastModified": 1739829690,
        "narHash": "sha256-mL1szCeIsjh6Khn3nH2cYtwO5YXG6gBiTw1A30iGeDU=",
        "owner": "numtide",
        "repo": "treefmt-nix",
        "rev": "3d0579f5cc93436052d94b73925b48973a104204",
        "type": "github"
      },
      "original": {
        "owner": "numtide",
        "repo": "treefmt-nix",
        "type": "github"
      }
    },
    "treefmt-nix_3": {
      "inputs": {
        "nixpkgs": [
          "vpn-bench",
          "clan-core",
          "nixpkgs"
        ]
      },
      "locked": {
        "lastModified": 1739829690,
        "narHash": "sha256-mL1szCeIsjh6Khn3nH2cYtwO5YXG6gBiTw1A30iGeDU=",
        "owner": "numtide",
        "repo": "treefmt-nix",
        "rev": "3d0579f5cc93436052d94b73925b48973a104204",
        "type": "github"
      },
      "original": {
        "owner": "numtide",
        "repo": "treefmt-nix",
        "type": "github"
      }
    },
    "treefmt-nix_4": {
      "inputs": {
        "nixpkgs": [
          "vpn-bench",
          "nixpkgs"
        ]
      },
      "locked": {
        "lastModified": 1736154270,
        "narHash": "sha256-p2r8xhQZ3TYIEKBoiEhllKWQqWNJNoT9v64Vmg4q8Zw=",
        "owner": "numtide",
        "repo": "treefmt-nix",
        "rev": "13c913f5deb3a5c08bb810efd89dc8cb24dd968b",
        "type": "github"
      },
      "original": {
        "owner": "numtide",
        "repo": "treefmt-nix",
        "type": "github"
      }
    },
    "unstable-nixpkgs": {
      "locked": {
        "lastModified": 1740597150,
        "narHash": "sha256-aOi6p33W3+CLSeIyVeC9e/8suJRSu7L3+jyWhGHzZl4=",
        "owner": "NixOS",
        "repo": "nixpkgs",
        "rev": "18ef7bdf96ed86a1fa81c3ad510bd3b3aeb35225",
        "type": "github"
      },
      "original": {
        "owner": "NixOS",
        "ref": "master",
        "repo": "nixpkgs",
        "type": "github"
      }
    },
    "vpn-bench": {
      "inputs": {
        "clan-core": "clan-core_2",
        "flake-parts": "flake-parts_4",
        "nixpkgs": [
          "vpn-bench",
          "clan-core",
          "nixpkgs"
        ],
        "treefmt-nix": "treefmt-nix_4"
      },
      "locked": {
        "lastModified": 1741580699,
        "narHash": "sha256-0KL4jFSdutfaiFaMXj6jRz7ic7CrTfDIx/RxAgVTrTw=",
        "ref": "refs/heads/main",
        "rev": "02145aa139bbea796259d70d49858556902ff2e7",
        "revCount": 45,
        "type": "git",
        "url": "https://git.clan.lol/Qubasa/vpn-benchmark"
      },
      "original": {
        "type": "git",
        "url": "https://git.clan.lol/Qubasa/vpn-benchmark"
      }
    }
  },
  "root": "root",
  "version": 7
}
