{
  "nodes": {
    "blobs": {
      "flake": false,
      "locked": {
        "lastModified": 1604995301,
        "narHash": "sha256-wcLzgLec6SGJA8fx1OEN1yV/Py5b+U5iyYpksUY/yLw=",
        "owner": "simple-nixos-mailserver",
        "repo": "blobs",
        "rev": "2cccdf1ca48316f2cfd1c9a0017e8de5a7156265",
        "type": "gitlab"
      },
      "original": {
        "owner": "simple-nixos-mailserver",
        "repo": "blobs",
        "type": "gitlab"
      }
    },
    "chrome-pwa": {
      "inputs": {
        "nixpkgs": [
          "clan-core"
        ]
      },
      "locked": {
        "lastModified": 1662039232,
        "narHash": "sha256-hzEjp/ENDpdAqHPfZL6w0ugMxidgOSPTA4K5TNjLvWA=",
        "owner": "Qubasa",
        "repo": "nixos-chrome-pwa",
        "rev": "2b4cab0dde278b40d3774c87ef18074cb1b9707f",
        "type": "github"
      },
      "original": {
        "owner": "Qubasa",
        "repo": "nixos-chrome-pwa",
        "type": "github"
      }
    },
    "clan-core": {
      "inputs": {
        "disko": "disko",
        "flake-parts": "flake-parts",
        "nixos-facter-modules": "nixos-facter-modules",
        "nixos-images": "nixos-images",
        "nixpkgs": "nixpkgs",
        "sops-nix": "sops-nix",
        "systems": "systems",
        "treefmt-nix": "treefmt-nix"
      },
      "locked": {
        "lastModified": 1726047725,
        "narHash": "sha256-OubCVilKx5/D05kIxPSdDnIa/8PGmieyXX4dqkhCYR8=",
        "rev": "c85210785e8c3048261511bfcd88ce5b7fec384f",
        "type": "tarball",
        "url": "https://git.clan.lol/api/v1/repos/Qubasa/clan-core/archive/c85210785e8c3048261511bfcd88ce5b7fec384f.tar.gz"
      },
      "original": {
        "type": "tarball",
        "url": "https://git.clan.lol/Qubasa/clan-core/archive/main.zip"
      }
    },
    "data-mesher": {
      "inputs": {
        "flake-parts": "flake-parts_2",
        "nixpkgs": [
          "clan-core"
        ],
        "treefmt-nix": "treefmt-nix_2"
      },
      "locked": {
        "lastModified": 1726061700,
        "narHash": "sha256-x7mVVoWH2GDutjtWUhk7lMYvlGLGyw6nJPBg+mnL/qg=",
        "rev": "3fe84ef52a4693aef60d7d79f944808cebf78ff8",
        "type": "tarball",
        "url": "https://git.clan.lol/api/v1/repos/clan/data-mesher/archive/3fe84ef52a4693aef60d7d79f944808cebf78ff8.tar.gz"
      },
      "original": {
        "type": "tarball",
        "url": "https://git.clan.lol/clan/data-mesher/archive/main.zip"
      }
    },
    "disko": {
      "inputs": {
        "nixpkgs": [
          "clan-core",
          "nixpkgs"
        ]
      },
      "locked": {
        "lastModified": 1725377834,
        "narHash": "sha256-tqoAO8oT6zEUDXte98cvA1saU9+1dLJQe3pMKLXv8ps=",
        "owner": "nix-community",
        "repo": "disko",
        "rev": "e55f9a8678adc02024a4877c2a403e3f6daf24fe",
        "type": "github"
      },
      "original": {
        "owner": "nix-community",
        "repo": "disko",
        "type": "github"
      }
    },
    "flake-compat": {
      "flake": false,
      "locked": {
        "lastModified": 1696426674,
        "narHash": "sha256-kvjfFW7WAETZlt09AgDn1MrtKzP7t90Vf7vypd3OL1U=",
        "owner": "edolstra",
        "repo": "flake-compat",
        "rev": "0f9255e01c2351cc7d116c072cb317785dd33b33",
        "type": "github"
      },
      "original": {
        "owner": "edolstra",
        "repo": "flake-compat",
        "type": "github"
      }
    },
    "flake-parts": {
      "inputs": {
        "nixpkgs-lib": [
          "clan-core",
          "nixpkgs"
        ]
      },
      "locked": {
        "lastModified": 1725234343,
        "narHash": "sha256-+ebgonl3NbiKD2UD0x4BszCZQ6sTfL4xioaM49o5B3Y=",
        "owner": "hercules-ci",
        "repo": "flake-parts",
        "rev": "567b938d64d4b4112ee253b9274472dc3a346eb6",
        "type": "github"
      },
      "original": {
        "owner": "hercules-ci",
        "repo": "flake-parts",
        "type": "github"
      }
    },
    "flake-parts_2": {
      "inputs": {
        "nixpkgs-lib": [
          "data-mesher",
          "nixpkgs"
        ]
      },
      "locked": {
        "lastModified": 1725234343,
        "narHash": "sha256-+ebgonl3NbiKD2UD0x4BszCZQ6sTfL4xioaM49o5B3Y=",
        "owner": "hercules-ci",
        "repo": "flake-parts",
        "rev": "567b938d64d4b4112ee253b9274472dc3a346eb6",
        "type": "github"
      },
      "original": {
        "owner": "hercules-ci",
        "repo": "flake-parts",
        "type": "github"
      }
    },
    "nixos-facter-modules": {
      "flake": false,
      "locked": {
        "lastModified": 1725379040,
        "narHash": "sha256-yJIy595vpcdAYznxamszZhteQCIZM3OJUOIKeU4cIq4=",
        "owner": "numtide",
        "repo": "nixos-facter-modules",
        "rev": "a389bf16ed7db1f7e6a5e9dc4b5547e927498803",
        "type": "github"
      },
      "original": {
        "owner": "numtide",
        "repo": "nixos-facter-modules",
        "type": "github"
      }
    },
    "nixos-images": {
      "inputs": {
        "nixos-stable": [
          "clan-core"
        ],
        "nixos-unstable": [
          "clan-core",
          "nixpkgs"
        ]
      },
      "locked": {
        "lastModified": 1725726968,
        "narHash": "sha256-sqkJZDj4NjPFhWCDoSyXJoBRfRfXIyvhfssGqLvzgW8=",
        "owner": "nix-community",
        "repo": "nixos-images",
        "rev": "51c98a9f328e7aad81d8aa048f38e4e5c86d3389",
        "type": "github"
      },
      "original": {
        "owner": "nix-community",
        "repo": "nixos-images",
        "type": "github"
      }
    },
    "nixpkgs": {
      "locked": {
        "lastModified": 1725814378,
        "narHash": "sha256-cwnCIninNWySL3ruFH5iVFnx/Fr0xL44NOLzvf1s2tc=",
        "owner": "NixOS",
        "repo": "nixpkgs",
        "rev": "61ddb09cfaa7424d7fc8e3040ccd5c8c6f875b15",
        "type": "github"
      },
      "original": {
        "owner": "NixOS",
        "ref": "nixos-unstable-small",
        "repo": "nixpkgs",
        "type": "github"
      }
    },
    "nixpkgs-24_05": {
      "locked": {
        "lastModified": 1717144377,
        "narHash": "sha256-F/TKWETwB5RaR8owkPPi+SPJh83AQsm6KrQAlJ8v/uA=",
        "owner": "NixOS",
        "repo": "nixpkgs",
        "rev": "805a384895c696f802a9bf5bf4720f37385df547",
        "type": "github"
      },
      "original": {
        "id": "nixpkgs",
        "ref": "nixos-24.05",
        "type": "indirect"
      }
    },
    "nixpkgs_2": {
      "locked": {
        "lastModified": 0,
        "narHash": "sha256-cwnCIninNWySL3ruFH5iVFnx/Fr0xL44NOLzvf1s2tc=",
        "path": "/nix/store/nirdh7s0rb1jd3wab03wfhf30v6pajyc-source",
        "type": "path"
      },
      "original": {
        "id": "nixpkgs",
        "type": "indirect"
      }
    },
    "root": {
      "inputs": {
        "chrome-pwa": "chrome-pwa",
        "clan-core": "clan-core",
        "data-mesher": "data-mesher",
        "nixpkgs": "nixpkgs_2",
        "simple-nixos-mailserver": "simple-nixos-mailserver",
        "systems": "systems_2",
        "treefmt-nix": "treefmt-nix_3"
      }
    },
    "simple-nixos-mailserver": {
      "inputs": {
        "blobs": "blobs",
        "flake-compat": "flake-compat",
        "nixpkgs": [
          "clan-core"
        ],
        "nixpkgs-24_05": "nixpkgs-24_05"
      },
      "locked": {
        "lastModified": 1722877200,
        "narHash": "sha256-qgKDNJXs+od+1UbRy62uk7dYal3h98I4WojfIqMoGcg=",
        "owner": "simple-nixos-mailserver",
        "repo": "nixos-mailserver",
        "rev": "af7d3bf5daeba3fc28089b015c0dd43f06b176f2",
        "type": "gitlab"
      },
      "original": {
        "owner": "simple-nixos-mailserver",
        "ref": "master",
        "repo": "nixos-mailserver",
        "type": "gitlab"
      }
    },
    "sops-nix": {
      "inputs": {
        "nixpkgs": [
          "clan-core",
          "nixpkgs"
        ],
        "nixpkgs-stable": [
          "clan-core"
        ]
      },
      "locked": {
        "lastModified": 1725765163,
        "narHash": "sha256-rfd2c47iVSFI6bRYy5l8wRijRBaYDeU7dM8XCDUGqlA=",
        "owner": "Mic92",
        "repo": "sops-nix",
        "rev": "b68757cd2c3fa66d6ccaa0d046ce42a9324e0070",
        "type": "github"
      },
      "original": {
        "owner": "Mic92",
        "repo": "sops-nix",
        "type": "github"
      }
    },
    "systems": {
      "locked": {
        "lastModified": 1681028828,
        "narHash": "sha256-Vy1rq5AaRuLzOxct8nz4T6wlgyUR7zLU309k9mBC768=",
        "owner": "nix-systems",
        "repo": "default",
        "rev": "da67096a3b9bf56a91d16901293e51ba5b49a27e",
        "type": "github"
      },
      "original": {
        "owner": "nix-systems",
        "repo": "default",
        "type": "github"
      }
    },
    "systems_2": {
      "locked": {
        "lastModified": 1681028828,
        "narHash": "sha256-Vy1rq5AaRuLzOxct8nz4T6wlgyUR7zLU309k9mBC768=",
        "owner": "nix-systems",
        "repo": "default",
        "rev": "da67096a3b9bf56a91d16901293e51ba5b49a27e",
        "type": "github"
      },
      "original": {
        "id": "systems",
        "type": "indirect"
      }
    },
    "treefmt-nix": {
      "inputs": {
        "nixpkgs": [
          "clan-core",
          "nixpkgs"
        ]
      },
      "locked": {
        "lastModified": 1725271838,
        "narHash": "sha256-VcqxWT0O/gMaeWTTjf1r4MOyG49NaNxW4GHTO3xuThE=",
        "owner": "numtide",
        "repo": "treefmt-nix",
        "rev": "9fb342d14b69aefdf46187f6bb80a4a0d97007cd",
        "type": "github"
      },
      "original": {
        "owner": "numtide",
        "repo": "treefmt-nix",
        "type": "github"
      }
    },
    "treefmt-nix_2": {
      "inputs": {
        "nixpkgs": [
          "data-mesher",
          "nixpkgs"
        ]
      },
      "locked": {
        "lastModified": 1724833132,
        "narHash": "sha256-F4djBvyNRAXGusJiNYInqR6zIMI3rvlp6WiKwsRISos=",
        "owner": "numtide",
        "repo": "treefmt-nix",
        "rev": "3ffd842a5f50f435d3e603312eefa4790db46af5",
        "type": "github"
      },
      "original": {
        "owner": "numtide",
        "repo": "treefmt-nix",
        "type": "github"
      }
    },
    "treefmt-nix_3": {
      "inputs": {
        "nixpkgs": [
          "clan-core"
        ]
      },
      "locked": {
        "lastModified": 1725271838,
        "narHash": "sha256-VcqxWT0O/gMaeWTTjf1r4MOyG49NaNxW4GHTO3xuThE=",
        "owner": "numtide",
        "repo": "treefmt-nix",
        "rev": "9fb342d14b69aefdf46187f6bb80a4a0d97007cd",
        "type": "github"
      },
      "original": {
        "owner": "numtide",
        "repo": "treefmt-nix",
        "type": "github"
      }
    }
  },
  "root": "root",
  "version": 7
}
